
Microsoft Visual Studio Solution File, Format Version 12.00
# Visual Studio Version 17
VisualStudioVersion = 17.6.33815.320
MinimumVisualStudioVersion = 10.0.40219.1
Project("{9A19103F-16F7-4668-BE54-9A1E7A4F7556}") = "BookProject", "BookProject\BookProject.csproj", "{4DBF3ECA-F238-431F-AAD3-959A1188D2F8}"
EndProject
Project("{9A19103F-16F7-4668-BE54-9A1E7A4F7556}") = "ConceptArchitect.BookManagement", "..\..\..\source\repos\202307-ecolab-cs\cs-projects\BooksManagementApp\ConceptArchitect.BookManagement\ConceptArchitect.BookManagement.csproj", "{E474312C-DA04-456D-8628-BE718448FE3F}"
EndProject
Project("{9A19103F-16F7-4668-BE54-9A1E7A4F7556}") = "ConceptArchitect.BookManagement.Repositories.Ado", "..\..\..\source\repos\202307-ecolab-cs\cs-projects\BooksManagementApp\ConceptArchitect.BookManagement.Repositories.Ado\ConceptArchitect.BookManagement.Repositories.Ado.csproj", "{C4A4FD00-18ED-4001-8C98-7693E9D46849}"
EndProject
Project("{9A19103F-16F7-4668-BE54-9A1E7A4F7556}") = "ConceptArchitect.Data", "..\..\..\source\repos\202307-ecolab-cs\cs-projects\BooksManagementApp\ConceptArchitect.Data\ConceptArchitect.Data.csproj", "{3261A150-8EF6-41D7-9C1D-CB9B681B0D7B}"
EndProject
Project("{9A19103F-16F7-4668-BE54-9A1E7A4F7556}") = "ConceptArchitect.Utils", "..\..\..\source\repos\202307-ecolab-cs\cs-projects\BooksManagementApp\ConceptArchitect.Utils\ConceptArchitect.Utils.csproj", "{84B60E22-6430-4A89-98E7-881BDB7CA08B}"
EndProject
Global
	GlobalSection(SolutionConfigurationPlatforms) = preSolution
		Debug|Any CPU = Debug|Any CPU
		Release|Any CPU = Release|Any CPU
	EndGlobalSection
	GlobalSection(ProjectConfigurationPlatforms) = postSolution
		{4DBF3ECA-F238-431F-AAD3-959A1188D2F8}.Debug|Any CPU.ActiveCfg = Debug|Any CPU
		{4DBF3ECA-F238-431F-AAD3-959A1188D2F8}.Debug|Any CPU.Build.0 = Debug|Any CPU
		{4DBF3ECA-F238-431F-AAD3-959A1188D2F8}.Release|Any CPU.ActiveCfg = Release|Any CPU
		{4DBF3ECA-F238-431F-AAD3-959A1188D2F8}.Release|Any CPU.Build.0 = Release|Any CPU
		{E474312C-DA04-456D-8628-BE718448FE3F}.Debug|Any CPU.ActiveCfg = Debug|Any CPU
		{E474312C-DA04-456D-8628-BE718448FE3F}.Debug|Any CPU.Build.0 = Debug|Any CPU
		{E474312C-DA04-456D-8628-BE718448FE3F}.Release|Any CPU.ActiveCfg = Release|Any CPU
		{E474312C-DA04-456D-8628-BE718448FE3F}.Release|Any CPU.Build.0 = Release|Any CPU
		{C4A4FD00-18ED-4001-8C98-7693E9D46849}.Debug|Any CPU.ActiveCfg = Debug|Any CPU
		{C4A4FD00-18ED-4001-8C98-7693E9D46849}.Debug|Any CPU.Build.0 = Debug|Any CPU
		{C4A4FD00-18ED-4001-8C98-7693E9D46849}.Release|Any CPU.ActiveCfg = Release|Any CPU
		{C4A4FD00-18ED-4001-8C98-7693E9D46849}.Release|Any CPU.Build.0 = Release|Any CPU
		{3261A150-8EF6-41D7-9C1D-CB9B681B0D7B}.Debug|Any CPU.ActiveCfg = Debug|Any CPU
		{3261A150-8EF6-41D7-9C1D-CB9B681B0D7B}.Debug|Any CPU.Build.0 = Debug|Any CPU
		{3261A150-8EF6-41D7-9C1D-CB9B681B0D7B}.Release|Any CPU.ActiveCfg = Release|Any CPU
		{3261A150-8EF6-41D7-9C1D-CB9B681B0D7B}.Release|Any CPU.Build.0 = Release|Any CPU
		{84B60E22-6430-4A89-98E7-881BDB7CA08B}.Debug|Any CPU.ActiveCfg = Debug|Any CPU
		{84B60E22-6430-4A89-98E7-881BDB7CA08B}.Debug|Any CPU.Build.0 = Debug|Any CPU
		{84B60E22-6430-4A89-98E7-881BDB7CA08B}.Release|Any CPU.ActiveCfg = Release|Any CPU
		{84B60E22-6430-4A89-98E7-881BDB7CA08B}.Release|Any CPU.Build.0 = Release|Any CPU
	EndGlobalSection
	GlobalSection(SolutionProperties) = preSolution
		HideSolutionNode = FALSE
	EndGlobalSection
	GlobalSection(ExtensibilityGlobals) = postSolution
		SolutionGuid = {CF38D52A-FFED-4D97-BABF-0CC4CBA4F283}
	EndGlobalSection
EndGlobal
